<?xml version="1.0" encoding="UTF-8" standalone="yes" ?>
<CodeBlocks_project_file>
	<FileVersion major="1" minor="6" />
	<Project>
		<Option title="SDL3DTest" />
		<Option pch_mode="2" />
		<Option compiler="gcc" />
		<Build>
			<Target title="Debug">
				<Option output="bin/Debug/SDL3DTest" prefix_auto="1" extension_auto="1" />
				<Option object_output="obj/Debug/" />
				<Option type="0" />
				<Option compiler="gcc" />
				<Compiler>
					<Add option="-g" />
				</Compiler>
				<ExtraCommands>
					<Add before="cp $(#sdl)/bin/*.dll ./bin/Debug/" />
					<Add before="mkdir -p ./bin/Debug/Resources/" />
					<Add before="cp ./Resources/* ./bin/Debug/Resources/" />
				</ExtraCommands>
			</Target>
			<Target title="Release">
				<Option output="bin/Release/SDL3DTest" prefix_auto="1" extension_auto="1" />
				<Option object_output="obj/Release/" />
				<Option type="0" />
				<Option compiler="gcc" />
				<Compiler>
					<Add option="-O2" />
				</Compiler>
				<Linker>
					<Add option="-s" />
				</Linker>
			</Target>
		</Build>
		<Compiler>
			<Add option="-Wall" />
		</Compiler>
		<Linker>
			<Add option="-lmingw32 -lSDL2main -lSDL2 -lSDL2_image -lopengl32 -lglu32 -mwindows -lglew32" />
			<Add library="bin\Debug\glew32.lib" />
		</Linker>
		<Unit filename="main.cpp" />
		<Unit filename="main.h" />
		<Unit filename="shader.frag" />
		<Unit filename="shader.vert" />
		<Extensions>
			<code_completion />
			<envvars />
			<debugger />
		</Extensions>
	</Project>
</CodeBlocks_project_file>
